
Microsoft Visual Studio Solution File, Format Version 12.00
# Visual Studio Version 17
VisualStudioVersion = 17.0.31903.59
MinimumVisualStudioVersion = 10.0.40219.1
Project("{FAE04EC0-301F-11D3-BF4B-00C04F79EFBC}") = "WAHU.Platform", "src\Platform\WAHU.Platform.csproj", "{2759F943-D509-4130-9E79-B3E28C1CDC88}"
EndProject
Project("{FAE04EC0-301F-11D3-BF4B-00C04F79EFBC}") = "WAHU.Data", "src\Data\WAHU.Data.csproj", "{492526A2-1C03-4D76-A9E9-D2A57AB46028}"
EndProject
Project("{FAE04EC0-301F-11D3-BF4B-00C04F79EFBC}") = "WAHUKidsLearn", "src\App\WAHUKidsLearn.csproj", "{2B22CA28-446A-4B9E-A79C-AF61F7CD501C}"
EndProject
Project("{FAE04EC0-301F-11D3-BF4B-00C04F79EFBC}") = "WAHU.SetupPreflight", "tools\setup_preflight\WAHU.SetupPreflight.csproj", "{E903A150-71DA-4026-AE15-9BC6CDDDA027}"
EndProject
Project("{FAE04EC0-301F-11D3-BF4B-00C04F79EFBC}") = "WAHU.SetupPreflight.Smoke", "tests\SetupPreflightSmoke\WAHU.SetupPreflight.Smoke.csproj", "{8397270D-CB78-4741-B9BB-DCB16047D70A}"
EndProject
Project("{FAE04EC0-301F-11D3-BF4B-00C04F79EFBC}") = "WAHU.SQLiteRuntimeSmoke", "tests\SQLiteRuntimeSmoke\WAHU.SQLiteRuntimeSmoke.csproj", "{C0D9BD09-7B61-44DB-B0BD-0EF8BC9280ED}"
EndProject
Project("{2150E333-8FDC-42A3-9474-1A3956D46DE8}") = "src", "src", "{827E0CD3-B72D-47B6-A68D-7590B98EB39B}"
EndProject
Project("{2150E333-8FDC-42A3-9474-1A3956D46DE8}") = "Learning", "Learning", "{D2F6C130-2D1C-EA3A-B6D9-7DFD3DDE8E92}"
EndProject
Project("{FAE04EC0-301F-11D3-BF4B-00C04F79EFBC}") = "WAHU.Learning", "src\Learning\WAHU.Learning.csproj", "{9C1A840E-D70F-4B48-91C0-4CDA6C4E2F01}"
EndProject
Project("{2150E333-8FDC-42A3-9474-1A3956D46DE8}") = "tests", "tests", "{0AB3BF05-4346-4AA6-1389-037BE0695223}"
EndProject
Project("{2150E333-8FDC-42A3-9474-1A3956D46DE8}") = "BehaviorRuntimeSmoke", "BehaviorRuntimeSmoke", "{961EF1A0-0C38-E209-0891-CDE6F74B22BC}"
EndProject
Project("{FAE04EC0-301F-11D3-BF4B-00C04F79EFBC}") = "WAHU.BehaviorRuntimeSmoke", "tests\BehaviorRuntimeSmoke\WAHU.BehaviorRuntimeSmoke.csproj", "{BC9F3A15-56E5-43B4-9548-6D4582B73913}"
EndProject
Project("{2150E333-8FDC-42A3-9474-1A3956D46DE8}") = "Motion", "Motion", "{2EB64580-3BEA-C2F8-EBB4-3CD298A4668C}"
EndProject
Project("{FAE04EC0-301F-11D3-BF4B-00C04F79EFBC}") = "WAHU.Motion", "src\Motion\WAHU.Motion.csproj", "{D5FE13A9-CC7F-4398-92AE-4D3C6B688F80}"
EndProject
Project("{2150E333-8FDC-42A3-9474-1A3956D46DE8}") = "MotionRuntimeSmoke", "MotionRuntimeSmoke", "{0593E883-1BEE-1DBE-85BC-DE501B6F507A}"
EndProject
Project("{FAE04EC0-301F-11D3-BF4B-00C04F79EFBC}") = "WAHU.MotionRuntimeSmoke", "tests\MotionRuntimeSmoke\WAHU.MotionRuntimeSmoke.csproj", "{EF67B70E-A7A0-4761-927C-4EB99D0AB8F5}"
EndProject
Project("{2150E333-8FDC-42A3-9474-1A3956D46DE8}") = "Content", "Content", "{38532A7F-EC54-9B11-70D2-B3A38FFD3B37}"
EndProject
Project("{FAE04EC0-301F-11D3-BF4B-00C04F79EFBC}") = "WAHU.Content", "src\Content\WAHU.Content.csproj", "{2A3E6A62-F17E-4D44-BFC0-18FD2300F8C2}"
EndProject
Project("{2150E333-8FDC-42A3-9474-1A3956D46DE8}") = "ContentRuntimeSmoke", "ContentRuntimeSmoke", "{D6D85446-F7D0-AEFD-39A2-347FF84FF604}"
EndProject
Project("{FAE04EC0-301F-11D3-BF4B-00C04F79EFBC}") = "WAHU.ContentRuntimeSmoke", "tests\ContentRuntimeSmoke\WAHU.ContentRuntimeSmoke.csproj", "{DEEB26D5-F0B9-47EA-A209-2A77BF76A8A2}"
EndProject
Project("{2150E333-8FDC-42A3-9474-1A3956D46DE8}") = "Audio", "Audio", "{0B6C71E3-8489-3D0C-073F-546A07FC2E65}"
EndProject
Project("{FAE04EC0-301F-11D3-BF4B-00C04F79EFBC}") = "WAHU.Audio", "src\Audio\WAHU.Audio.csproj", "{64CB5931-5BCE-43F7-A3F0-9240B03FC0EF}"
EndProject
Project("{2150E333-8FDC-42A3-9474-1A3956D46DE8}") = "AudioRuntimeSmoke", "AudioRuntimeSmoke", "{092C9860-80A6-9496-1D7C-D8043C85B3B8}"
EndProject
Project("{FAE04EC0-301F-11D3-BF4B-00C04F79EFBC}") = "WAHU.AudioRuntimeSmoke", "tests\AudioRuntimeSmoke\WAHU.AudioRuntimeSmoke.csproj", "{862CF12C-3BF9-471B-A1EA-B1AD837C8C03}"
EndProject
Project("{2150E333-8FDC-42A3-9474-1A3956D46DE8}") = "Performance", "Performance", "{A985E10E-0E53-AFFE-9895-B7A228AD8D70}"
EndProject
Project("{FAE04EC0-301F-11D3-BF4B-00C04F79EFBC}") = "WAHU.Performance", "src\Performance\WAHU.Performance.csproj", "{FDD3D980-4DEE-4700-A6C1-527725D4E444}"
EndProject
Project("{2150E333-8FDC-42A3-9474-1A3956D46DE8}") = "Platform", "Platform", "{4DF80442-A1E5-CC28-AE7B-27B5F9BFE52B}"
EndProject
Project("{2150E333-8FDC-42A3-9474-1A3956D46DE8}") = "PerformanceRuntimeSmoke", "PerformanceRuntimeSmoke", "{A4B79B49-6A3B-1F7B-1FD3-915B4A5AC3E4}"
EndProject
Project("{FAE04EC0-301F-11D3-BF4B-00C04F79EFBC}") = "WAHU.PerformanceRuntimeSmoke", "tests\PerformanceRuntimeSmoke\WAHU.PerformanceRuntimeSmoke.csproj", "{2F7FB025-4A71-43CD-BFCB-B467AA2E6FA8}"
EndProject
Project("{2150E333-8FDC-42A3-9474-1A3956D46DE8}") = "Security", "Security", "{C0672DDC-B16F-D231-C4B5-64C737C38FC9}"
EndProject
Project("{FAE04EC0-301F-11D3-BF4B-00C04F79EFBC}") = "WAHU.Security", "src\Security\WAHU.Security.csproj", "{A6647EC0-2834-47BA-815B-7F8473804D2F}"
EndProject
Project("{2150E333-8FDC-42A3-9474-1A3956D46DE8}") = "SecurityRuntimeSmoke", "SecurityRuntimeSmoke", "{CA26B0F1-D5DF-6CF7-8C94-40D5B41EB537}"
EndProject
Project("{FAE04EC0-301F-11D3-BF4B-00C04F79EFBC}") = "WAHU.SecurityRuntimeSmoke", "tests\SecurityRuntimeSmoke\WAHU.SecurityRuntimeSmoke.csproj", "{664C3557-8EA5-49CD-B5DA-C1581114E6EF}"
EndProject
Project("{2150E333-8FDC-42A3-9474-1A3956D46DE8}") = "LearningSessionRuntimeSmoke", "LearningSessionRuntimeSmoke", "{E68715EB-88B6-716F-403F-8100413C4742}"
EndProject
Project("{FAE04EC0-301F-11D3-BF4B-00C04F79EFBC}") = "WAHU.LearningSessionRuntimeSmoke", "tests\LearningSessionRuntimeSmoke\WAHU.LearningSessionRuntimeSmoke.csproj", "{1478D7C7-5F77-43D4-AB89-BA9AC5081095}"
EndProject
Project("{2150E333-8FDC-42A3-9474-1A3956D46DE8}") = "Data", "Data", "{58A5B24B-8FB4-5A6E-5EF4-1E3E19F29B1B}"
EndProject
Project("{2150E333-8FDC-42A3-9474-1A3956D46DE8}") = "Session", "Session", "{CABBA67C-ECAF-073B-7E54-37C51ED4DEE1}"
EndProject
Project("{FAE04EC0-301F-11D3-BF4B-00C04F79EFBC}") = "WAHU.Session", "src\Session\WAHU.Session.csproj", "{8CE8FBA0-80F3-4C27-8D40-75E16BE71A9A}"
EndProject
Global
	GlobalSection(SolutionConfigurationPlatforms) = preSolution
		Debug|x86 = Debug|x86
		Debug|Any CPU = Debug|Any CPU
		Debug|x64 = Debug|x64
		Release|x86 = Release|x86
		Release|Any CPU = Release|Any CPU
		Release|x64 = Release|x64
	EndGlobalSection
	GlobalSection(ProjectConfigurationPlatforms) = postSolution
		{2759F943-D509-4130-9E79-B3E28C1CDC88}.Debug|x86.ActiveCfg = Debug|x86
		{2759F943-D509-4130-9E79-B3E28C1CDC88}.Debug|x86.Build.0 = Debug|x86
		{2759F943-D509-4130-9E79-B3E28C1CDC88}.Debug|Any CPU.ActiveCfg = Debug|Any CPU
		{2759F943-D509-4130-9E79-B3E28C1CDC88}.Debug|Any CPU.Build.0 = Debug|Any CPU
		{2759F943-D509-4130-9E79-B3E28C1CDC88}.Debug|x64.ActiveCfg = Debug|Any CPU
		{2759F943-D509-4130-9E79-B3E28C1CDC88}.Debug|x64.Build.0 = Debug|Any CPU
		{2759F943-D509-4130-9E79-B3E28C1CDC88}.Release|x86.ActiveCfg = Release|x86
		{2759F943-D509-4130-9E79-B3E28C1CDC88}.Release|x86.Build.0 = Release|x86
		{2759F943-D509-4130-9E79-B3E28C1CDC88}.Release|Any CPU.ActiveCfg = Release|Any CPU
		{2759F943-D509-4130-9E79-B3E28C1CDC88}.Release|Any CPU.Build.0 = Release|Any CPU
		{2759F943-D509-4130-9E79-B3E28C1CDC88}.Release|x64.ActiveCfg = Release|Any CPU
		{2759F943-D509-4130-9E79-B3E28C1CDC88}.Release|x64.Build.0 = Release|Any CPU
		{492526A2-1C03-4D76-A9E9-D2A57AB46028}.Debug|x86.ActiveCfg = Debug|x86
		{492526A2-1C03-4D76-A9E9-D2A57AB46028}.Debug|x86.Build.0 = Debug|x86
		{492526A2-1C03-4D76-A9E9-D2A57AB46028}.Debug|Any CPU.ActiveCfg = Debug|Any CPU
		{492526A2-1C03-4D76-A9E9-D2A57AB46028}.Debug|Any CPU.Build.0 = Debug|Any CPU
		{492526A2-1C03-4D76-A9E9-D2A57AB46028}.Debug|x64.ActiveCfg = Debug|Any CPU
		{492526A2-1C03-4D76-A9E9-D2A57AB46028}.Debug|x64.Build.0 = Debug|Any CPU
		{492526A2-1C03-4D76-A9E9-D2A57AB46028}.Release|x86.ActiveCfg = Release|x86
		{492526A2-1C03-4D76-A9E9-D2A57AB46028}.Release|x86.Build.0 = Release|x86
		{492526A2-1C03-4D76-A9E9-D2A57AB46028}.Release|Any CPU.ActiveCfg = Release|Any CPU
		{492526A2-1C03-4D76-A9E9-D2A57AB46028}.Release|Any CPU.Build.0 = Release|Any CPU
		{492526A2-1C03-4D76-A9E9-D2A57AB46028}.Release|x64.ActiveCfg = Release|Any CPU
		{492526A2-1C03-4D76-A9E9-D2A57AB46028}.Release|x64.Build.0 = Release|Any CPU
		{2B22CA28-446A-4B9E-A79C-AF61F7CD501C}.Debug|x86.ActiveCfg = Debug|x86
		{2B22CA28-446A-4B9E-A79C-AF61F7CD501C}.Debug|x86.Build.0 = Debug|x86
		{2B22CA28-446A-4B9E-A79C-AF61F7CD501C}.Debug|Any CPU.ActiveCfg = Debug|Any CPU
		{2B22CA28-446A-4B9E-A79C-AF61F7CD501C}.Debug|Any CPU.Build.0 = Debug|Any CPU
		{2B22CA28-446A-4B9E-A79C-AF61F7CD501C}.Debug|x64.ActiveCfg = Debug|Any CPU
		{2B22CA28-446A-4B9E-A79C-AF61F7CD501C}.Debug|x64.Build.0 = Debug|Any CPU
		{2B22CA28-446A-4B9E-A79C-AF61F7CD501C}.Release|x86.ActiveCfg = Release|x86
		{2B22CA28-446A-4B9E-A79C-AF61F7CD501C}.Release|x86.Build.0 = Release|x86
		{2B22CA28-446A-4B9E-A79C-AF61F7CD501C}.Release|Any CPU.ActiveCfg = Release|Any CPU
		{2B22CA28-446A-4B9E-A79C-AF61F7CD501C}.Release|Any CPU.Build.0 = Release|Any CPU
		{2B22CA28-446A-4B9E-A79C-AF61F7CD501C}.Release|x64.ActiveCfg = Release|Any CPU
		{2B22CA28-446A-4B9E-A79C-AF61F7CD501C}.Release|x64.Build.0 = Release|Any CPU
		{E903A150-71DA-4026-AE15-9BC6CDDDA027}.Debug|x86.ActiveCfg = Debug|x86
		{E903A150-71DA-4026-AE15-9BC6CDDDA027}.Debug|x86.Build.0 = Debug|x86
		{E903A150-71DA-4026-AE15-9BC6CDDDA027}.Debug|Any CPU.ActiveCfg = Debug|Any CPU
		{E903A150-71DA-4026-AE15-9BC6CDDDA027}.Debug|Any CPU.Build.0 = Debug|Any CPU
		{E903A150-71DA-4026-AE15-9BC6CDDDA027}.Debug|x64.ActiveCfg = Debug|Any CPU
		{E903A150-71DA-4026-AE15-9BC6CDDDA027}.Debug|x64.Build.0 = Debug|Any CPU
		{E903A150-71DA-4026-AE15-9BC6CDDDA027}.Release|x86.ActiveCfg = Release|x86
		{E903A150-71DA-4026-AE15-9BC6CDDDA027}.Release|x86.Build.0 = Release|x86
		{E903A150-71DA-4026-AE15-9BC6CDDDA027}.Release|Any CPU.ActiveCfg = Release|Any CPU
		{E903A150-71DA-4026-AE15-9BC6CDDDA027}.Release|Any CPU.Build.0 = Release|Any CPU
		{E903A150-71DA-4026-AE15-9BC6CDDDA027}.Release|x64.ActiveCfg = Release|Any CPU
		{E903A150-71DA-4026-AE15-9BC6CDDDA027}.Release|x64.Build.0 = Release|Any CPU
		{8397270D-CB78-4741-B9BB-DCB16047D70A}.Debug|x86.ActiveCfg = Debug|x86
		{8397270D-CB78-4741-B9BB-DCB16047D70A}.Debug|x86.Build.0 = Debug|x86
		{8397270D-CB78-4741-B9BB-DCB16047D70A}.Debug|Any CPU.ActiveCfg = Debug|Any CPU
		{8397270D-CB78-4741-B9BB-DCB16047D70A}.Debug|Any CPU.Build.0 = Debug|Any CPU
		{8397270D-CB78-4741-B9BB-DCB16047D70A}.Debug|x64.ActiveCfg = Debug|Any CPU
		{8397270D-CB78-4741-B9BB-DCB16047D70A}.Debug|x64.Build.0 = Debug|Any CPU
		{8397270D-CB78-4741-B9BB-DCB16047D70A}.Release|x86.ActiveCfg = Release|x86
		{8397270D-CB78-4741-B9BB-DCB16047D70A}.Release|x86.Build.0 = Release|x86
		{8397270D-CB78-4741-B9BB-DCB16047D70A}.Release|Any CPU.ActiveCfg = Release|Any CPU
		{8397270D-CB78-4741-B9BB-DCB16047D70A}.Release|Any CPU.Build.0 = Release|Any CPU
		{8397270D-CB78-4741-B9BB-DCB16047D70A}.Release|x64.ActiveCfg = Release|Any CPU
		{8397270D-CB78-4741-B9BB-DCB16047D70A}.Release|x64.Build.0 = Release|Any CPU
		{C0D9BD09-7B61-44DB-B0BD-0EF8BC9280ED}.Debug|x86.ActiveCfg = Debug|x86
		{C0D9BD09-7B61-44DB-B0BD-0EF8BC9280ED}.Debug|x86.Build.0 = Debug|x86
		{C0D9BD09-7B61-44DB-B0BD-0EF8BC9280ED}.Debug|Any CPU.ActiveCfg = Debug|Any CPU
		{C0D9BD09-7B61-44DB-B0BD-0EF8BC9280ED}.Debug|Any CPU.Build.0 = Debug|Any CPU
		{C0D9BD09-7B61-44DB-B0BD-0EF8BC9280ED}.Debug|x64.ActiveCfg = Debug|Any CPU
		{C0D9BD09-7B61-44DB-B0BD-0EF8BC9280ED}.Debug|x64.Build.0 = Debug|Any CPU
		{C0D9BD09-7B61-44DB-B0BD-0EF8BC9280ED}.Release|x86.ActiveCfg = Release|x86
		{C0D9BD09-7B61-44DB-B0BD-0EF8BC9280ED}.Release|x86.Build.0 = Release|x86
		{C0D9BD09-7B61-44DB-B0BD-0EF8BC9280ED}.Release|Any CPU.ActiveCfg = Release|Any CPU
		{C0D9BD09-7B61-44DB-B0BD-0EF8BC9280ED}.Release|Any CPU.Build.0 = Release|Any CPU
		{C0D9BD09-7B61-44DB-B0BD-0EF8BC9280ED}.Release|x64.ActiveCfg = Release|Any CPU
		{C0D9BD09-7B61-44DB-B0BD-0EF8BC9280ED}.Release|x64.Build.0 = Release|Any CPU
		{9C1A840E-D70F-4B48-91C0-4CDA6C4E2F01}.Debug|x86.ActiveCfg = Debug|x86
		{9C1A840E-D70F-4B48-91C0-4CDA6C4E2F01}.Debug|x86.Build.0 = Debug|x86
		{9C1A840E-D70F-4B48-91C0-4CDA6C4E2F01}.Debug|Any CPU.ActiveCfg = Debug|Any CPU
		{9C1A840E-D70F-4B48-91C0-4CDA6C4E2F01}.Debug|Any CPU.Build.0 = Debug|Any CPU
		{9C1A840E-D70F-4B48-91C0-4CDA6C4E2F01}.Debug|x64.ActiveCfg = Debug|Any CPU
		{9C1A840E-D70F-4B48-91C0-4CDA6C4E2F01}.Debug|x64.Build.0 = Debug|Any CPU
		{9C1A840E-D70F-4B48-91C0-4CDA6C4E2F01}.Release|x86.ActiveCfg = Release|x86
		{9C1A840E-D70F-4B48-91C0-4CDA6C4E2F01}.Release|x86.Build.0 = Release|x86
		{9C1A840E-D70F-4B48-91C0-4CDA6C4E2F01}.Release|Any CPU.ActiveCfg = Release|Any CPU
		{9C1A840E-D70F-4B48-91C0-4CDA6C4E2F01}.Release|Any CPU.Build.0 = Release|Any CPU
		{9C1A840E-D70F-4B48-91C0-4CDA6C4E2F01}.Release|x64.ActiveCfg = Release|Any CPU
		{9C1A840E-D70F-4B48-91C0-4CDA6C4E2F01}.Release|x64.Build.0 = Release|Any CPU
		{BC9F3A15-56E5-43B4-9548-6D4582B73913}.Debug|x86.ActiveCfg = Debug|x86
		{BC9F3A15-56E5-43B4-9548-6D4582B73913}.Debug|x86.Build.0 = Debug|x86
		{BC9F3A15-56E5-43B4-9548-6D4582B73913}.Debug|Any CPU.ActiveCfg = Debug|Any CPU
		{BC9F3A15-56E5-43B4-9548-6D4582B73913}.Debug|Any CPU.Build.0 = Debug|Any CPU
		{BC9F3A15-56E5-43B4-9548-6D4582B73913}.Debug|x64.ActiveCfg = Debug|Any CPU
		{BC9F3A15-56E5-43B4-9548-6D4582B73913}.Debug|x64.Build.0 = Debug|Any CPU
		{BC9F3A15-56E5-43B4-9548-6D4582B73913}.Release|x86.ActiveCfg = Release|x86
		{BC9F3A15-56E5-43B4-9548-6D4582B73913}.Release|x86.Build.0 = Release|x86
		{BC9F3A15-56E5-43B4-9548-6D4582B73913}.Release|Any CPU.ActiveCfg = Release|Any CPU
		{BC9F3A15-56E5-43B4-9548-6D4582B73913}.Release|Any CPU.Build.0 = Release|Any CPU
		{BC9F3A15-56E5-43B4-9548-6D4582B73913}.Release|x64.ActiveCfg = Release|Any CPU
		{BC9F3A15-56E5-43B4-9548-6D4582B73913}.Release|x64.Build.0 = Release|Any CPU
		{D5FE13A9-CC7F-4398-92AE-4D3C6B688F80}.Debug|x86.ActiveCfg = Debug|x86
		{D5FE13A9-CC7F-4398-92AE-4D3C6B688F80}.Debug|x86.Build.0 = Debug|x86
		{D5FE13A9-CC7F-4398-92AE-4D3C6B688F80}.Debug|Any CPU.ActiveCfg = Debug|Any CPU
		{D5FE13A9-CC7F-4398-92AE-4D3C6B688F80}.Debug|Any CPU.Build.0 = Debug|Any CPU
		{D5FE13A9-CC7F-4398-92AE-4D3C6B688F80}.Debug|x64.ActiveCfg = Debug|Any CPU
		{D5FE13A9-CC7F-4398-92AE-4D3C6B688F80}.Debug|x64.Build.0 = Debug|Any CPU
		{D5FE13A9-CC7F-4398-92AE-4D3C6B688F80}.Release|x86.ActiveCfg = Release|x86
		{D5FE13A9-CC7F-4398-92AE-4D3C6B688F80}.Release|x86.Build.0 = Release|x86
		{D5FE13A9-CC7F-4398-92AE-4D3C6B688F80}.Release|Any CPU.ActiveCfg = Release|Any CPU
		{D5FE13A9-CC7F-4398-92AE-4D3C6B688F80}.Release|Any CPU.Build.0 = Release|Any CPU
		{D5FE13A9-CC7F-4398-92AE-4D3C6B688F80}.Release|x64.ActiveCfg = Release|Any CPU
		{D5FE13A9-CC7F-4398-92AE-4D3C6B688F80}.Release|x64.Build.0 = Release|Any CPU
		{EF67B70E-A7A0-4761-927C-4EB99D0AB8F5}.Debug|x86.ActiveCfg = Debug|x86
		{EF67B70E-A7A0-4761-927C-4EB99D0AB8F5}.Debug|x86.Build.0 = Debug|x86
		{EF67B70E-A7A0-4761-927C-4EB99D0AB8F5}.Debug|Any CPU.ActiveCfg = Debug|Any CPU
		{EF67B70E-A7A0-4761-927C-4EB99D0AB8F5}.Debug|Any CPU.Build.0 = Debug|Any CPU
		{EF67B70E-A7A0-4761-927C-4EB99D0AB8F5}.Debug|x64.ActiveCfg = Debug|Any CPU
		{EF67B70E-A7A0-4761-927C-4EB99D0AB8F5}.Debug|x64.Build.0 = Debug|Any CPU
		{EF67B70E-A7A0-4761-927C-4EB99D0AB8F5}.Release|x86.ActiveCfg = Release|x86
		{EF67B70E-A7A0-4761-927C-4EB99D0AB8F5}.Release|x86.Build.0 = Release|x86
		{EF67B70E-A7A0-4761-927C-4EB99D0AB8F5}.Release|Any CPU.ActiveCfg = Release|Any CPU
		{EF67B70E-A7A0-4761-927C-4EB99D0AB8F5}.Release|Any CPU.Build.0 = Release|Any CPU
		{EF67B70E-A7A0-4761-927C-4EB99D0AB8F5}.Release|x64.ActiveCfg = Release|Any CPU
		{EF67B70E-A7A0-4761-927C-4EB99D0AB8F5}.Release|x64.Build.0 = Release|Any CPU
		{2A3E6A62-F17E-4D44-BFC0-18FD2300F8C2}.Debug|x86.ActiveCfg = Debug|x86
		{2A3E6A62-F17E-4D44-BFC0-18FD2300F8C2}.Debug|x86.Build.0 = Debug|x86
		{2A3E6A62-F17E-4D44-BFC0-18FD2300F8C2}.Debug|Any CPU.ActiveCfg = Debug|Any CPU
		{2A3E6A62-F17E-4D44-BFC0-18FD2300F8C2}.Debug|Any CPU.Build.0 = Debug|Any CPU
		{2A3E6A62-F17E-4D44-BFC0-18FD2300F8C2}.Debug|x64.ActiveCfg = Debug|Any CPU
		{2A3E6A62-F17E-4D44-BFC0-18FD2300F8C2}.Debug|x64.Build.0 = Debug|Any CPU
		{2A3E6A62-F17E-4D44-BFC0-18FD2300F8C2}.Release|x86.ActiveCfg = Release|x86
		{2A3E6A62-F17E-4D44-BFC0-18FD2300F8C2}.Release|x86.Build.0 = Release|x86
		{2A3E6A62-F17E-4D44-BFC0-18FD2300F8C2}.Release|Any CPU.ActiveCfg = Release|Any CPU
		{2A3E6A62-F17E-4D44-BFC0-18FD2300F8C2}.Release|Any CPU.Build.0 = Release|Any CPU
		{2A3E6A62-F17E-4D44-BFC0-18FD2300F8C2}.Release|x64.ActiveCfg = Release|Any CPU
		{2A3E6A62-F17E-4D44-BFC0-18FD2300F8C2}.Release|x64.Build.0 = Release|Any CPU
		{DEEB26D5-F0B9-47EA-A209-2A77BF76A8A2}.Debug|x86.ActiveCfg = Debug|x86
		{DEEB26D5-F0B9-47EA-A209-2A77BF76A8A2}.Debug|x86.Build.0 = Debug|x86
		{DEEB26D5-F0B9-47EA-A209-2A77BF76A8A2}.Debug|Any CPU.ActiveCfg = Debug|Any CPU
		{DEEB26D5-F0B9-47EA-A209-2A77BF76A8A2}.Debug|Any CPU.Build.0 = Debug|Any CPU
		{DEEB26D5-F0B9-47EA-A209-2A77BF76A8A2}.Debug|x64.ActiveCfg = Debug|Any CPU
		{DEEB26D5-F0B9-47EA-A209-2A77BF76A8A2}.Debug|x64.Build.0 = Debug|Any CPU
		{DEEB26D5-F0B9-47EA-A209-2A77BF76A8A2}.Release|x86.ActiveCfg = Release|x86
		{DEEB26D5-F0B9-47EA-A209-2A77BF76A8A2}.Release|x86.Build.0 = Release|x86
		{DEEB26D5-F0B9-47EA-A209-2A77BF76A8A2}.Release|Any CPU.ActiveCfg = Release|Any CPU
		{DEEB26D5-F0B9-47EA-A209-2A77BF76A8A2}.Release|Any CPU.Build.0 = Release|Any CPU
		{DEEB26D5-F0B9-47EA-A209-2A77BF76A8A2}.Release|x64.ActiveCfg = Release|Any CPU
		{DEEB26D5-F0B9-47EA-A209-2A77BF76A8A2}.Release|x64.Build.0 = Release|Any CPU
		{64CB5931-5BCE-43F7-A3F0-9240B03FC0EF}.Debug|x86.ActiveCfg = Debug|x86
		{64CB5931-5BCE-43F7-A3F0-9240B03FC0EF}.Debug|x86.Build.0 = Debug|x86
		{64CB5931-5BCE-43F7-A3F0-9240B03FC0EF}.Debug|Any CPU.ActiveCfg = Debug|Any CPU
		{64CB5931-5BCE-43F7-A3F0-9240B03FC0EF}.Debug|Any CPU.Build.0 = Debug|Any CPU
		{64CB5931-5BCE-43F7-A3F0-9240B03FC0EF}.Debug|x64.ActiveCfg = Debug|Any CPU
		{64CB5931-5BCE-43F7-A3F0-9240B03FC0EF}.Debug|x64.Build.0 = Debug|Any CPU
		{64CB5931-5BCE-43F7-A3F0-9240B03FC0EF}.Release|x86.ActiveCfg = Release|x86
		{64CB5931-5BCE-43F7-A3F0-9240B03FC0EF}.Release|x86.Build.0 = Release|x86
		{64CB5931-5BCE-43F7-A3F0-9240B03FC0EF}.Release|Any CPU.ActiveCfg = Release|Any CPU
		{64CB5931-5BCE-43F7-A3F0-9240B03FC0EF}.Release|Any CPU.Build.0 = Release|Any CPU
		{64CB5931-5BCE-43F7-A3F0-9240B03FC0EF}.Release|x64.ActiveCfg = Release|Any CPU
		{64CB5931-5BCE-43F7-A3F0-9240B03FC0EF}.Release|x64.Build.0 = Release|Any CPU
		{862CF12C-3BF9-471B-A1EA-B1AD837C8C03}.Debug|x86.ActiveCfg = Debug|x86
		{862CF12C-3BF9-471B-A1EA-B1AD837C8C03}.Debug|x86.Build.0 = Debug|x86
		{862CF12C-3BF9-471B-A1EA-B1AD837C8C03}.Debug|Any CPU.ActiveCfg = Debug|Any CPU
		{862CF12C-3BF9-471B-A1EA-B1AD837C8C03}.Debug|Any CPU.Build.0 = Debug|Any CPU
		{862CF12C-3BF9-471B-A1EA-B1AD837C8C03}.Debug|x64.ActiveCfg = Debug|Any CPU
		{862CF12C-3BF9-471B-A1EA-B1AD837C8C03}.Debug|x64.Build.0 = Debug|Any CPU
		{862CF12C-3BF9-471B-A1EA-B1AD837C8C03}.Release|x86.ActiveCfg = Release|x86
		{862CF12C-3BF9-471B-A1EA-B1AD837C8C03}.Release|x86.Build.0 = Release|x86
		{862CF12C-3BF9-471B-A1EA-B1AD837C8C03}.Release|Any CPU.ActiveCfg = Release|Any CPU
		{862CF12C-3BF9-471B-A1EA-B1AD837C8C03}.Release|Any CPU.Build.0 = Release|Any CPU
		{862CF12C-3BF9-471B-A1EA-B1AD837C8C03}.Release|x64.ActiveCfg = Release|Any CPU
		{862CF12C-3BF9-471B-A1EA-B1AD837C8C03}.Release|x64.Build.0 = Release|Any CPU
		{FDD3D980-4DEE-4700-A6C1-527725D4E444}.Debug|x86.ActiveCfg = Debug|x86
		{FDD3D980-4DEE-4700-A6C1-527725D4E444}.Debug|x86.Build.0 = Debug|x86
		{FDD3D980-4DEE-4700-A6C1-527725D4E444}.Debug|Any CPU.ActiveCfg = Debug|Any CPU
		{FDD3D980-4DEE-4700-A6C1-527725D4E444}.Debug|Any CPU.Build.0 = Debug|Any CPU
		{FDD3D980-4DEE-4700-A6C1-527725D4E444}.Debug|x64.ActiveCfg = Debug|Any CPU
		{FDD3D980-4DEE-4700-A6C1-527725D4E444}.Debug|x64.Build.0 = Debug|Any CPU
		{FDD3D980-4DEE-4700-A6C1-527725D4E444}.Release|x86.ActiveCfg = Release|x86
		{FDD3D980-4DEE-4700-A6C1-527725D4E444}.Release|x86.Build.0 = Release|x86
		{FDD3D980-4DEE-4700-A6C1-527725D4E444}.Release|Any CPU.ActiveCfg = Release|Any CPU
		{FDD3D980-4DEE-4700-A6C1-527725D4E444}.Release|Any CPU.Build.0 = Release|Any CPU
		{FDD3D980-4DEE-4700-A6C1-527725D4E444}.Release|x64.ActiveCfg = Release|Any CPU
		{FDD3D980-4DEE-4700-A6C1-527725D4E444}.Release|x64.Build.0 = Release|Any CPU
		{2F7FB025-4A71-43CD-BFCB-B467AA2E6FA8}.Debug|x86.ActiveCfg = Debug|x86
		{2F7FB025-4A71-43CD-BFCB-B467AA2E6FA8}.Debug|x86.Build.0 = Debug|x86
		{2F7FB025-4A71-43CD-BFCB-B467AA2E6FA8}.Debug|Any CPU.ActiveCfg = Debug|Any CPU
		{2F7FB025-4A71-43CD-BFCB-B467AA2E6FA8}.Debug|Any CPU.Build.0 = Debug|Any CPU
		{2F7FB025-4A71-43CD-BFCB-B467AA2E6FA8}.Debug|x64.ActiveCfg = Debug|Any CPU
		{2F7FB025-4A71-43CD-BFCB-B467AA2E6FA8}.Debug|x64.Build.0 = Debug|Any CPU
		{2F7FB025-4A71-43CD-BFCB-B467AA2E6FA8}.Release|x86.ActiveCfg = Release|x86
		{2F7FB025-4A71-43CD-BFCB-B467AA2E6FA8}.Release|x86.Build.0 = Release|x86
		{2F7FB025-4A71-43CD-BFCB-B467AA2E6FA8}.Release|Any CPU.ActiveCfg = Release|Any CPU
		{2F7FB025-4A71-43CD-BFCB-B467AA2E6FA8}.Release|Any CPU.Build.0 = Release|Any CPU
		{2F7FB025-4A71-43CD-BFCB-B467AA2E6FA8}.Release|x64.ActiveCfg = Release|Any CPU
		{2F7FB025-4A71-43CD-BFCB-B467AA2E6FA8}.Release|x64.Build.0 = Release|Any CPU
		{A6647EC0-2834-47BA-815B-7F8473804D2F}.Debug|x86.ActiveCfg = Debug|x86
		{A6647EC0-2834-47BA-815B-7F8473804D2F}.Debug|x86.Build.0 = Debug|x86
		{A6647EC0-2834-47BA-815B-7F8473804D2F}.Debug|Any CPU.ActiveCfg = Debug|Any CPU
		{A6647EC0-2834-47BA-815B-7F8473804D2F}.Debug|Any CPU.Build.0 = Debug|Any CPU
		{A6647EC0-2834-47BA-815B-7F8473804D2F}.Debug|x64.ActiveCfg = Debug|Any CPU
		{A6647EC0-2834-47BA-815B-7F8473804D2F}.Debug|x64.Build.0 = Debug|Any CPU
		{A6647EC0-2834-47BA-815B-7F8473804D2F}.Release|x86.ActiveCfg = Release|x86
		{A6647EC0-2834-47BA-815B-7F8473804D2F}.Release|x86.Build.0 = Release|x86
		{A6647EC0-2834-47BA-815B-7F8473804D2F}.Release|Any CPU.ActiveCfg = Release|Any CPU
		{A6647EC0-2834-47BA-815B-7F8473804D2F}.Release|Any CPU.Build.0 = Release|Any CPU
		{A6647EC0-2834-47BA-815B-7F8473804D2F}.Release|x64.ActiveCfg = Release|Any CPU
		{A6647EC0-2834-47BA-815B-7F8473804D2F}.Release|x64.Build.0 = Release|Any CPU
		{664C3557-8EA5-49CD-B5DA-C1581114E6EF}.Debug|x86.ActiveCfg = Debug|x86
		{664C3557-8EA5-49CD-B5DA-C1581114E6EF}.Debug|x86.Build.0 = Debug|x86
		{664C3557-8EA5-49CD-B5DA-C1581114E6EF}.Debug|Any CPU.ActiveCfg = Debug|Any CPU
		{664C3557-8EA5-49CD-B5DA-C1581114E6EF}.Debug|Any CPU.Build.0 = Debug|Any CPU
		{664C3557-8EA5-49CD-B5DA-C1581114E6EF}.Debug|x64.ActiveCfg = Debug|Any CPU
		{664C3557-8EA5-49CD-B5DA-C1581114E6EF}.Debug|x64.Build.0 = Debug|Any CPU
		{664C3557-8EA5-49CD-B5DA-C1581114E6EF}.Release|x86.ActiveCfg = Release|x86
		{664C3557-8EA5-49CD-B5DA-C1581114E6EF}.Release|x86.Build.0 = Release|x86
		{664C3557-8EA5-49CD-B5DA-C1581114E6EF}.Release|Any CPU.ActiveCfg = Release|Any CPU
		{664C3557-8EA5-49CD-B5DA-C1581114E6EF}.Release|Any CPU.Build.0 = Release|Any CPU
		{664C3557-8EA5-49CD-B5DA-C1581114E6EF}.Release|x64.ActiveCfg = Release|Any CPU
		{664C3557-8EA5-49CD-B5DA-C1581114E6EF}.Release|x64.Build.0 = Release|Any CPU
		{1478D7C7-5F77-43D4-AB89-BA9AC5081095}.Debug|x86.ActiveCfg = Debug|x86
		{1478D7C7-5F77-43D4-AB89-BA9AC5081095}.Debug|x86.Build.0 = Debug|x86
		{1478D7C7-5F77-43D4-AB89-BA9AC5081095}.Debug|Any CPU.ActiveCfg = Debug|Any CPU
		{1478D7C7-5F77-43D4-AB89-BA9AC5081095}.Debug|Any CPU.Build.0 = Debug|Any CPU
		{1478D7C7-5F77-43D4-AB89-BA9AC5081095}.Debug|x64.ActiveCfg = Debug|Any CPU
		{1478D7C7-5F77-43D4-AB89-BA9AC5081095}.Debug|x64.Build.0 = Debug|Any CPU
		{1478D7C7-5F77-43D4-AB89-BA9AC5081095}.Release|x86.ActiveCfg = Release|x86
		{1478D7C7-5F77-43D4-AB89-BA9AC5081095}.Release|x86.Build.0 = Release|x86
		{1478D7C7-5F77-43D4-AB89-BA9AC5081095}.Release|Any CPU.ActiveCfg = Release|Any CPU
		{1478D7C7-5F77-43D4-AB89-BA9AC5081095}.Release|Any CPU.Build.0 = Release|Any CPU
		{1478D7C7-5F77-43D4-AB89-BA9AC5081095}.Release|x64.ActiveCfg = Release|Any CPU
		{1478D7C7-5F77-43D4-AB89-BA9AC5081095}.Release|x64.Build.0 = Release|Any CPU
		{8CE8FBA0-80F3-4C27-8D40-75E16BE71A9A}.Debug|x86.ActiveCfg = Debug|x86
		{8CE8FBA0-80F3-4C27-8D40-75E16BE71A9A}.Debug|x86.Build.0 = Debug|x86
		{8CE8FBA0-80F3-4C27-8D40-75E16BE71A9A}.Debug|Any CPU.ActiveCfg = Debug|Any CPU
		{8CE8FBA0-80F3-4C27-8D40-75E16BE71A9A}.Debug|Any CPU.Build.0 = Debug|Any CPU
		{8CE8FBA0-80F3-4C27-8D40-75E16BE71A9A}.Debug|x64.ActiveCfg = Debug|Any CPU
		{8CE8FBA0-80F3-4C27-8D40-75E16BE71A9A}.Debug|x64.Build.0 = Debug|Any CPU
		{8CE8FBA0-80F3-4C27-8D40-75E16BE71A9A}.Release|x86.ActiveCfg = Release|x86
		{8CE8FBA0-80F3-4C27-8D40-75E16BE71A9A}.Release|x86.Build.0 = Release|x86
		{8CE8FBA0-80F3-4C27-8D40-75E16BE71A9A}.Release|Any CPU.ActiveCfg = Release|Any CPU
		{8CE8FBA0-80F3-4C27-8D40-75E16BE71A9A}.Release|Any CPU.Build.0 = Release|Any CPU
		{8CE8FBA0-80F3-4C27-8D40-75E16BE71A9A}.Release|x64.ActiveCfg = Release|Any CPU
		{8CE8FBA0-80F3-4C27-8D40-75E16BE71A9A}.Release|x64.Build.0 = Release|Any CPU
	EndGlobalSection
	GlobalSection(SolutionProperties) = preSolution
		HideSolutionNode = FALSE
	EndGlobalSection
	GlobalSection(NestedProjects) = preSolution
		{D2F6C130-2D1C-EA3A-B6D9-7DFD3DDE8E92} = {827E0CD3-B72D-47B6-A68D-7590B98EB39B}
		{9C1A840E-D70F-4B48-91C0-4CDA6C4E2F01} = {D2F6C130-2D1C-EA3A-B6D9-7DFD3DDE8E92}
		{961EF1A0-0C38-E209-0891-CDE6F74B22BC} = {0AB3BF05-4346-4AA6-1389-037BE0695223}
		{BC9F3A15-56E5-43B4-9548-6D4582B73913} = {961EF1A0-0C38-E209-0891-CDE6F74B22BC}
		{2EB64580-3BEA-C2F8-EBB4-3CD298A4668C} = {827E0CD3-B72D-47B6-A68D-7590B98EB39B}
		{D5FE13A9-CC7F-4398-92AE-4D3C6B688F80} = {2EB64580-3BEA-C2F8-EBB4-3CD298A4668C}
		{0593E883-1BEE-1DBE-85BC-DE501B6F507A} = {0AB3BF05-4346-4AA6-1389-037BE0695223}
		{EF67B70E-A7A0-4761-927C-4EB99D0AB8F5} = {0593E883-1BEE-1DBE-85BC-DE501B6F507A}
		{38532A7F-EC54-9B11-70D2-B3A38FFD3B37} = {827E0CD3-B72D-47B6-A68D-7590B98EB39B}
		{2A3E6A62-F17E-4D44-BFC0-18FD2300F8C2} = {38532A7F-EC54-9B11-70D2-B3A38FFD3B37}
		{D6D85446-F7D0-AEFD-39A2-347FF84FF604} = {0AB3BF05-4346-4AA6-1389-037BE0695223}
		{DEEB26D5-F0B9-47EA-A209-2A77BF76A8A2} = {D6D85446-F7D0-AEFD-39A2-347FF84FF604}
		{0B6C71E3-8489-3D0C-073F-546A07FC2E65} = {827E0CD3-B72D-47B6-A68D-7590B98EB39B}
		{64CB5931-5BCE-43F7-A3F0-9240B03FC0EF} = {0B6C71E3-8489-3D0C-073F-546A07FC2E65}
		{092C9860-80A6-9496-1D7C-D8043C85B3B8} = {0AB3BF05-4346-4AA6-1389-037BE0695223}
		{862CF12C-3BF9-471B-A1EA-B1AD837C8C03} = {092C9860-80A6-9496-1D7C-D8043C85B3B8}
		{A985E10E-0E53-AFFE-9895-B7A228AD8D70} = {827E0CD3-B72D-47B6-A68D-7590B98EB39B}
		{FDD3D980-4DEE-4700-A6C1-527725D4E444} = {A985E10E-0E53-AFFE-9895-B7A228AD8D70}
		{4DF80442-A1E5-CC28-AE7B-27B5F9BFE52B} = {827E0CD3-B72D-47B6-A68D-7590B98EB39B}
		{A4B79B49-6A3B-1F7B-1FD3-915B4A5AC3E4} = {0AB3BF05-4346-4AA6-1389-037BE0695223}
		{2F7FB025-4A71-43CD-BFCB-B467AA2E6FA8} = {A4B79B49-6A3B-1F7B-1FD3-915B4A5AC3E4}
		{C0672DDC-B16F-D231-C4B5-64C737C38FC9} = {827E0CD3-B72D-47B6-A68D-7590B98EB39B}
		{A6647EC0-2834-47BA-815B-7F8473804D2F} = {C0672DDC-B16F-D231-C4B5-64C737C38FC9}
		{CA26B0F1-D5DF-6CF7-8C94-40D5B41EB537} = {0AB3BF05-4346-4AA6-1389-037BE0695223}
		{664C3557-8EA5-49CD-B5DA-C1581114E6EF} = {CA26B0F1-D5DF-6CF7-8C94-40D5B41EB537}
		{E68715EB-88B6-716F-403F-8100413C4742} = {0AB3BF05-4346-4AA6-1389-037BE0695223}
		{1478D7C7-5F77-43D4-AB89-BA9AC5081095} = {E68715EB-88B6-716F-403F-8100413C4742}
		{58A5B24B-8FB4-5A6E-5EF4-1E3E19F29B1B} = {827E0CD3-B72D-47B6-A68D-7590B98EB39B}
		{CABBA67C-ECAF-073B-7E54-37C51ED4DEE1} = {827E0CD3-B72D-47B6-A68D-7590B98EB39B}
		{8CE8FBA0-80F3-4C27-8D40-75E16BE71A9A} = {CABBA67C-ECAF-073B-7E54-37C51ED4DEE1}
	EndGlobalSection
EndGlobal
